// !$*UTF8*$!
{
	archiveVersion = 1;
	classes = {
	};
	objectVersion = 45;
	objects = {

/* Begin PBXBuildFile section */
		0A4347A8132CB1C0007C2EBF /* NSObject+SBJSON.m in Sources */ = {isa = PBXBuildFile; fileRef = 0A43479F132CB1C0007C2EBF /* NSObject+SBJSON.m */; };
		0A4347A9132CB1C0007C2EBF /* NSString+SBJSON.m in Sources */ = {isa = PBXBuildFile; fileRef = 0A4347A1132CB1C0007C2EBF /* NSString+SBJSON.m */; };
		0A4347AA132CB1C0007C2EBF /* SBJsonBase.m in Sources */ = {isa = PBXBuildFile; fileRef = 0A4347A3132CB1C0007C2EBF /* SBJsonBase.m */; };
		0A4347AB132CB1C0007C2EBF /* SBJsonParser.m in Sources */ = {isa = PBXBuildFile; fileRef = 0A4347A5132CB1C0007C2EBF /* SBJsonParser.m */; };
		0A4347AC132CB1C0007C2EBF /* SBJsonWriter.m in Sources */ = {isa = PBXBuildFile; fileRef = 0A4347A7132CB1C0007C2EBF /* SBJsonWriter.m */; };
		0A77BE8F111FF5B2006F0625 /* Cocoa.framework in Frameworks */ = {isa = PBXBuildFile; fileRef = 0A77BE8E111FF5B2006F0625 /* Cocoa.framework */; };
		0A77BEB3111FFA4D006F0625 /* RubyCocoa.framework in Frameworks */ = {isa = PBXBuildFile; fileRef = 0A77BEB2111FFA4D006F0625 /* RubyCocoa.framework */; };
		6A36EFC7133289ED00F9CC6D /* google_analytics.rb in Resources */ = {isa = PBXBuildFile; fileRef = 6A36EFC6133289ED00F9CC6D /* google_analytics.rb */; };
		6A3CD22913308F74001A7161 /* TextMateVimPlugin.m in Sources */ = {isa = PBXBuildFile; fileRef = 6A3CD22613308F74001A7161 /* TextMateVimPlugin.m */; };
		6A3CD22A13308F74001A7161 /* TextMateVimWindow.m in Sources */ = {isa = PBXBuildFile; fileRef = 6A3CD22813308F74001A7161 /* TextMateVimWindow.m */; };
		6A3CD2361330A6EA001A7161 /* json_implementation.rb in Resources */ = {isa = PBXBuildFile; fileRef = 6A3CD2351330A6EA001A7161 /* json_implementation.rb */; };
		6A3CD23C13315554001A7161 /* activesupport_json.rb in Resources */ = {isa = PBXBuildFile; fileRef = 6A3CD23B13315554001A7161 /* activesupport_json.rb */; };
		6A709FCA13245B320064415D /* ui_helper.rb in Resources */ = {isa = PBXBuildFile; fileRef = 6A709FC913245B320064415D /* ui_helper.rb */; };
		6A8618E81324CDD7001A5360 /* editor_commands.rb in Resources */ = {isa = PBXBuildFile; fileRef = 6A8618E71324CDD7001A5360 /* editor_commands.rb */; };
		6A9D116D1348027700CBF6AE /* textmate_icon.png in Resources */ = {isa = PBXBuildFile; fileRef = 6A9D116C1348027700CBF6AE /* textmate_icon.png */; };
		6AA7EFB51347A845005A3BC3 /* Sparkle.framework in Frameworks */ = {isa = PBXBuildFile; fileRef = 6AA7EFB41347A845005A3BC3 /* Sparkle.framework */; };
		6AA7EFD21347A99F005A3BC3 /* Sparkle.framework in CopyFiles */ = {isa = PBXBuildFile; fileRef = 6AA7EFB41347A845005A3BC3 /* Sparkle.framework */; };
		6ABA33EA131250B80029DE19 /* CommandModeCursor.m in Sources */ = {isa = PBXBuildFile; fileRef = 6ABA33E9131250B80029DE19 /* CommandModeCursor.m */; };
		6ABA33EE131251490029DE19 /* NSColor_categories.m in Sources */ = {isa = PBXBuildFile; fileRef = 6ABA33ED131251490029DE19 /* NSColor_categories.m */; };
		6ABE410D1313B263001CA6B4 /* default_config.rb in Resources */ = {isa = PBXBuildFile; fileRef = 6ABE41081313B263001CA6B4 /* default_config.rb */; };
		6ABE410E1313B263001CA6B4 /* event_handler.rb in Resources */ = {isa = PBXBuildFile; fileRef = 6ABE41091313B263001CA6B4 /* event_handler.rb */; };
		6ABE410F1313B263001CA6B4 /* keymap.rb in Resources */ = {isa = PBXBuildFile; fileRef = 6ABE410A1313B263001CA6B4 /* keymap.rb */; };
		6ABE41101313B263001CA6B4 /* keystroke.rb in Resources */ = {isa = PBXBuildFile; fileRef = 6ABE410B1313B263001CA6B4 /* keystroke.rb */; };
		8D576314048677EA00EA77CD /* CoreFoundation.framework in Frameworks */ = {isa = PBXBuildFile; fileRef = 0AA1909FFE8422F4C02AAC07 /* CoreFoundation.framework */; };
		8D5B49A804867FD3000E48DA /* InfoPlist.strings in Resources */ = {isa = PBXBuildFile; fileRef = 8D5B49A704867FD3000E48DA /* InfoPlist.strings */; };
/* End PBXBuildFile section */

/* Begin PBXCopyFilesBuildPhase section */
		6AA7EFD31347A9BD005A3BC3 /* CopyFiles */ = {
			isa = PBXCopyFilesBuildPhase;
			buildActionMask = 2147483647;
			dstPath = "";
			dstSubfolderSpec = 10;
			files = (
				6AA7EFD21347A99F005A3BC3 /* Sparkle.framework in CopyFiles */,
			);
			runOnlyForDeploymentPostprocessing = 0;
		};
/* End PBXCopyFilesBuildPhase section */

/* Begin PBXFileReference section */
		089C167EFE841241C02AAC07 /* English */ = {isa = PBXFileReference; fileEncoding = 4; lastKnownFileType = text.plist.strings; name = English; path = English.lproj/InfoPlist.strings; sourceTree = "<group>"; };
		0A43479D132CB1C0007C2EBF /* JSON.h */ = {isa = PBXFileReference; fileEncoding = 4; lastKnownFileType = sourcecode.c.h; path = JSON.h; sourceTree = "<group>"; };
		0A43479E132CB1C0007C2EBF /* NSObject+SBJSON.h */ = {isa = PBXFileReference; fileEncoding = 4; lastKnownFileType = sourcecode.c.h; path = "NSObject+SBJSON.h"; sourceTree = "<group>"; };
		0A43479F132CB1C0007C2EBF /* NSObject+SBJSON.m */ = {isa = PBXFileReference; fileEncoding = 4; lastKnownFileType = sourcecode.c.objc; path = "NSObject+SBJSON.m"; sourceTree = "<group>"; };
		0A4347A0132CB1C0007C2EBF /* NSString+SBJSON.h */ = {isa = PBXFileReference; fileEncoding = 4; lastKnownFileType = sourcecode.c.h; path = "NSString+SBJSON.h"; sourceTree = "<group>"; };
		0A4347A1132CB1C0007C2EBF /* NSString+SBJSON.m */ = {isa = PBXFileReference; fileEncoding = 4; lastKnownFileType = sourcecode.c.objc; path = "NSString+SBJSON.m"; sourceTree = "<group>"; };
		0A4347A2132CB1C0007C2EBF /* SBJsonBase.h */ = {isa = PBXFileReference; fileEncoding = 4; lastKnownFileType = sourcecode.c.h; path = SBJsonBase.h; sourceTree = "<group>"; };
		0A4347A3132CB1C0007C2EBF /* SBJsonBase.m */ = {isa = PBXFileReference; fileEncoding = 4; lastKnownFileType = sourcecode.c.objc; path = SBJsonBase.m; sourceTree = "<group>"; };
		0A4347A4132CB1C0007C2EBF /* SBJsonParser.h */ = {isa = PBXFileReference; fileEncoding = 4; lastKnownFileType = sourcecode.c.h; path = SBJsonParser.h; sourceTree = "<group>"; };
		0A4347A5132CB1C0007C2EBF /* SBJsonParser.m */ = {isa = PBXFileReference; fileEncoding = 4; lastKnownFileType = sourcecode.c.objc; path = SBJsonParser.m; sourceTree = "<group>"; };
		0A4347A6132CB1C0007C2EBF /* SBJsonWriter.h */ = {isa = PBXFileReference; fileEncoding = 4; lastKnownFileType = sourcecode.c.h; path = SBJsonWriter.h; sourceTree = "<group>"; };
		0A4347A7132CB1C0007C2EBF /* SBJsonWriter.m */ = {isa = PBXFileReference; fileEncoding = 4; lastKnownFileType = sourcecode.c.objc; path = SBJsonWriter.m; sourceTree = "<group>"; };
		0A77BE8E111FF5B2006F0625 /* Cocoa.framework */ = {isa = PBXFileReference; lastKnownFileType = wrapper.framework; name = Cocoa.framework; path = System/Library/Frameworks/Cocoa.framework; sourceTree = SDKROOT; };
		0A77BEB2111FFA4D006F0625 /* RubyCocoa.framework */ = {isa = PBXFileReference; lastKnownFileType = wrapper.framework; name = RubyCocoa.framework; path = System/Library/Frameworks/RubyCocoa.framework; sourceTree = SDKROOT; };
		0AA1909FFE8422F4C02AAC07 /* CoreFoundation.framework */ = {isa = PBXFileReference; lastKnownFileType = wrapper.framework; name = CoreFoundation.framework; path = /System/Library/Frameworks/CoreFoundation.framework; sourceTree = "<absolute>"; };
		6A36EFC6133289ED00F9CC6D /* google_analytics.rb */ = {isa = PBXFileReference; fileEncoding = 4; lastKnownFileType = text.script.ruby; name = google_analytics.rb; path = lib/google_analytics.rb; sourceTree = SOURCE_ROOT; };
		6A3CD22513308F74001A7161 /* TextMateVimPlugin.h */ = {isa = PBXFileReference; fileEncoding = 4; lastKnownFileType = sourcecode.c.h; name = TextMateVimPlugin.h; path = src/TextMateVimPlugin.h; sourceTree = "<group>"; };
		6A3CD22613308F74001A7161 /* TextMateVimPlugin.m */ = {isa = PBXFileReference; fileEncoding = 4; lastKnownFileType = sourcecode.c.objc; name = TextMateVimPlugin.m; path = src/TextMateVimPlugin.m; sourceTree = "<group>"; };
		6A3CD22713308F74001A7161 /* TextMateVimWindow.h */ = {isa = PBXFileReference; fileEncoding = 4; lastKnownFileType = sourcecode.c.h; name = TextMateVimWindow.h; path = src/TextMateVimWindow.h; sourceTree = "<group>"; };
		6A3CD22813308F74001A7161 /* TextMateVimWindow.m */ = {isa = PBXFileReference; fileEncoding = 4; lastKnownFileType = sourcecode.c.objc; name = TextMateVimWindow.m; path = src/TextMateVimWindow.m; sourceTree = "<group>"; };
		6A3CD2351330A6EA001A7161 /* json_implementation.rb */ = {isa = PBXFileReference; fileEncoding = 4; lastKnownFileType = text.script.ruby; path = json_implementation.rb; sourceTree = "<group>"; };
		6A3CD23B13315554001A7161 /* activesupport_json.rb */ = {isa = PBXFileReference; fileEncoding = 4; lastKnownFileType = text.script.ruby; name = activesupport_json.rb; path = lib/activesupport_json.rb; sourceTree = SOURCE_ROOT; };
		6A709FC913245B320064415D /* ui_helper.rb */ = {isa = PBXFileReference; fileEncoding = 4; lastKnownFileType = text.script.ruby; path = ui_helper.rb; sourceTree = "<group>"; };
		6A8618E71324CDD7001A5360 /* editor_commands.rb */ = {isa = PBXFileReference; fileEncoding = 4; lastKnownFileType = text.script.ruby; path = editor_commands.rb; sourceTree = "<group>"; };
		6A9D116C1348027700CBF6AE /* textmate_icon.png */ = {isa = PBXFileReference; lastKnownFileType = image.png; name = textmate_icon.png; path = resources/textmate_icon.png; sourceTree = "<group>"; };
		6AA7EFB41347A845005A3BC3 /* Sparkle.framework */ = {isa = PBXFileReference; lastKnownFileType = wrapper.framework; name = Sparkle.framework; path = vendor/Sparkle.framework; sourceTree = "<group>"; };
		6ABA33E8131250B80029DE19 /* CommandModeCursor.h */ = {isa = PBXFileReference; fileEncoding = 4; lastKnownFileType = sourcecode.c.h; name = CommandModeCursor.h; path = src/CommandModeCursor.h; sourceTree = "<group>"; };
		6ABA33E9131250B80029DE19 /* CommandModeCursor.m */ = {isa = PBXFileReference; fileEncoding = 4; lastKnownFileType = sourcecode.c.objc; name = CommandModeCursor.m; path = src/CommandModeCursor.m; sourceTree = "<group>"; };
		6ABA33EC131251490029DE19 /* NSColor_categories.h */ = {isa = PBXFileReference; fileEncoding = 4; lastKnownFileType = sourcecode.c.h; path = NSColor_categories.h; sourceTree = "<group>"; };
		6ABA33ED131251490029DE19 /* NSColor_categories.m */ = {isa = PBXFileReference; fileEncoding = 4; lastKnownFileType = sourcecode.c.objc; path = NSColor_categories.m; sourceTree = "<group>"; };
		6ABE41081313B263001CA6B4 /* default_config.rb */ = {isa = PBXFileReference; fileEncoding = 4; lastKnownFileType = text.script.ruby; path = default_config.rb; sourceTree = "<group>"; };
		6ABE41091313B263001CA6B4 /* event_handler.rb */ = {isa = PBXFileReference; fileEncoding = 4; lastKnownFileType = text.script.ruby; path = event_handler.rb; sourceTree = "<group>"; };
		6ABE410A1313B263001CA6B4 /* keymap.rb */ = {isa = PBXFileReference; fileEncoding = 4; lastKnownFileType = text.script.ruby; path = keymap.rb; sourceTree = "<group>"; };
		6ABE410B1313B263001CA6B4 /* keystroke.rb */ = {isa = PBXFileReference; fileEncoding = 4; lastKnownFileType = text.script.ruby; path = keystroke.rb; sourceTree = "<group>"; };
		8D576316048677EA00EA77CD /* TextMateVim.bundle */ = {isa = PBXFileReference; explicitFileType = wrapper.cfbundle; includeInIndex = 0; path = TextMateVim.bundle; sourceTree = BUILT_PRODUCTS_DIR; };
		8D576317048677EA00EA77CD /* Info.plist */ = {isa = PBXFileReference; fileEncoding = 4; lastKnownFileType = text.plist.xml; path = Info.plist; sourceTree = "<group>"; };
/* End PBXFileReference section */

/* Begin PBXFrameworksBuildPhase section */
		8D576313048677EA00EA77CD /* Frameworks */ = {
			isa = PBXFrameworksBuildPhase;
			buildActionMask = 2147483647;
			files = (
				8D576314048677EA00EA77CD /* CoreFoundation.framework in Frameworks */,
				0A77BE8F111FF5B2006F0625 /* Cocoa.framework in Frameworks */,
				0A77BEB3111FFA4D006F0625 /* RubyCocoa.framework in Frameworks */,
				6AA7EFB51347A845005A3BC3 /* Sparkle.framework in Frameworks */,
			);
			runOnlyForDeploymentPostprocessing = 0;
		};
/* End PBXFrameworksBuildPhase section */

/* Begin PBXGroup section */
		089C166AFE841209C02AAC07 /* TextMateVim */ = {
			isa = PBXGroup;
			children = (
				08FB77AFFE84173DC02AAC07 /* Source */,
				089C167CFE841241C02AAC07 /* Resources */,
				089C1671FE841209C02AAC07 /* External Frameworks and Libraries */,
				19C28FB6FE9D52B211CA2CBB /* Products */,
			);
			name = TextMateVim;
			sourceTree = "<group>";
		};
		089C1671FE841209C02AAC07 /* External Frameworks and Libraries */ = {
			isa = PBXGroup;
			children = (
				6AA7EFB41347A845005A3BC3 /* Sparkle.framework */,
				0AA1909FFE8422F4C02AAC07 /* CoreFoundation.framework */,
				0A77BE8E111FF5B2006F0625 /* Cocoa.framework */,
				0A77BEB2111FFA4D006F0625 /* RubyCocoa.framework */,
			);
			name = "External Frameworks and Libraries";
			sourceTree = "<group>";
		};
		089C167CFE841241C02AAC07 /* Resources */ = {
			isa = PBXGroup;
			children = (
				6A9D116C1348027700CBF6AE /* textmate_icon.png */,
				6ABE41051313B263001CA6B4 /* src */,
				8D576317048677EA00EA77CD /* Info.plist */,
				8D5B49A704867FD3000E48DA /* InfoPlist.strings */,
			);
			name = Resources;
			sourceTree = "<group>";
		};
		08FB77AFFE84173DC02AAC07 /* Source */ = {
			isa = PBXGroup;
			children = (
				6A3CD22513308F74001A7161 /* TextMateVimPlugin.h */,
				6A3CD22613308F74001A7161 /* TextMateVimPlugin.m */,
				6A3CD22713308F74001A7161 /* TextMateVimWindow.h */,
				6A3CD22813308F74001A7161 /* TextMateVimWindow.m */,
				0A43479C132CB1C0007C2EBF /* json_framework */,
				6ABA33EB131251490029DE19 /* lib */,
				6ABA33E8131250B80029DE19 /* CommandModeCursor.h */,
				6ABA33E9131250B80029DE19 /* CommandModeCursor.m */,
			);
			name = Source;
			sourceTree = "<group>";
		};
		0A43479C132CB1C0007C2EBF /* json_framework */ = {
			isa = PBXGroup;
			children = (
				0A43479D132CB1C0007C2EBF /* JSON.h */,
				0A43479E132CB1C0007C2EBF /* NSObject+SBJSON.h */,
				0A43479F132CB1C0007C2EBF /* NSObject+SBJSON.m */,
				0A4347A0132CB1C0007C2EBF /* NSString+SBJSON.h */,
				0A4347A1132CB1C0007C2EBF /* NSString+SBJSON.m */,
				0A4347A2132CB1C0007C2EBF /* SBJsonBase.h */,
				0A4347A3132CB1C0007C2EBF /* SBJsonBase.m */,
				0A4347A4132CB1C0007C2EBF /* SBJsonParser.h */,
				0A4347A5132CB1C0007C2EBF /* SBJsonParser.m */,
				0A4347A6132CB1C0007C2EBF /* SBJsonWriter.h */,
				0A4347A7132CB1C0007C2EBF /* SBJsonWriter.m */,
			);
			name = json_framework;
			path = vendor/json_framework;
			sourceTree = "<group>";
		};
		19C28FB6FE9D52B211CA2CBB /* Products */ = {
			isa = PBXGroup;
			children = (
				8D576316048677EA00EA77CD /* TextMateVim.bundle */,
			);
			name = Products;
			sourceTree = "<group>";
		};
		6ABA33EB131251490029DE19 /* lib */ = {
			isa = PBXGroup;
			children = (
				6ABA33EC131251490029DE19 /* NSColor_categories.h */,
				6ABA33ED131251490029DE19 /* NSColor_categories.m */,
			);
			path = lib;
			sourceTree = "<group>";
		};
		6ABE41051313B263001CA6B4 /* src */ = {
			isa = PBXGroup;
			children = (
				6A36EFC6133289ED00F9CC6D /* google_analytics.rb */,
				6A3CD23B13315554001A7161 /* activesupport_json.rb */,
				6A3CD2351330A6EA001A7161 /* json_implementation.rb */,
				6A8618E71324CDD7001A5360 /* editor_commands.rb */,
				6A709FC913245B320064415D /* ui_helper.rb */,
				6ABE41081313B263001CA6B4 /* default_config.rb */,
				6ABE41091313B263001CA6B4 /* event_handler.rb */,
				6ABE410A1313B263001CA6B4 /* keymap.rb */,
				6ABE410B1313B263001CA6B4 /* keystroke.rb */,
			);
			path = src;
			sourceTree = "<group>";
		};
/* End PBXGroup section */

/* Begin PBXNativeTarget section */
		8D57630D048677EA00EA77CD /* TextMateVim */ = {
			isa = PBXNativeTarget;
			buildConfigurationList = 1DEB911A08733D790010E9CD /* Build configuration list for PBXNativeTarget "TextMateVim" */;
			buildPhases = (
				8D57630F048677EA00EA77CD /* Resources */,
				8D576311048677EA00EA77CD /* Sources */,
				8D576313048677EA00EA77CD /* Frameworks */,
				6AA7EFD31347A9BD005A3BC3 /* CopyFiles */,
			);
			buildRules = (
			);
			dependencies = (
			);
			name = TextMateVim;
			productInstallPath = "$(HOME)/Library/Bundles";
			productName = TextMateVim;
			productReference = 8D576316048677EA00EA77CD /* TextMateVim.bundle */;
			productType = "com.apple.product-type.bundle";
		};
/* End PBXNativeTarget section */

/* Begin PBXProject section */
		089C1669FE841209C02AAC07 /* Project object */ = {
			isa = PBXProject;
			buildConfigurationList = 1DEB911E08733D790010E9CD /* Build configuration list for PBXProject "TextMateVim" */;
			compatibilityVersion = "Xcode 3.1";
			developmentRegion = English;
			hasScannedForEncodings = 1;
			knownRegions = (
				English,
				Japanese,
				French,
				German,
			);
			mainGroup = 089C166AFE841209C02AAC07 /* TextMateVim */;
			projectDirPath = "";
			projectRoot = "";
			targets = (
				8D57630D048677EA00EA77CD /* TextMateVim */,
			);
		};
/* End PBXProject section */

/* Begin PBXResourcesBuildPhase section */
		8D57630F048677EA00EA77CD /* Resources */ = {
			isa = PBXResourcesBuildPhase;
			buildActionMask = 2147483647;
			files = (
				8D5B49A804867FD3000E48DA /* InfoPlist.strings in Resources */,
				6ABE410D1313B263001CA6B4 /* default_config.rb in Resources */,
				6ABE410E1313B263001CA6B4 /* event_handler.rb in Resources */,
				6ABE410F1313B263001CA6B4 /* keymap.rb in Resources */,
				6ABE41101313B263001CA6B4 /* keystroke.rb in Resources */,
				6A709FCA13245B320064415D /* ui_helper.rb in Resources */,
				6A8618E81324CDD7001A5360 /* editor_commands.rb in Resources */,
				6A3CD2361330A6EA001A7161 /* json_implementation.rb in Resources */,
				6A3CD23C13315554001A7161 /* activesupport_json.rb in Resources */,
				6A36EFC7133289ED00F9CC6D /* google_analytics.rb in Resources */,
				6A9D116D1348027700CBF6AE /* textmate_icon.png in Resources */,
			);
			runOnlyForDeploymentPostprocessing = 0;
		};
/* End PBXResourcesBuildPhase section */

/* Begin PBXSourcesBuildPhase section */
		8D576311048677EA00EA77CD /* Sources */ = {
			isa = PBXSourcesBuildPhase;
			buildActionMask = 2147483647;
			files = (
				6ABA33EA131250B80029DE19 /* CommandModeCursor.m in Sources */,
				6ABA33EE131251490029DE19 /* NSColor_categories.m in Sources */,
				0A4347A8132CB1C0007C2EBF /* NSObject+SBJSON.m in Sources */,
				0A4347A9132CB1C0007C2EBF /* NSString+SBJSON.m in Sources */,
				0A4347AA132CB1C0007C2EBF /* SBJsonBase.m in Sources */,
				0A4347AB132CB1C0007C2EBF /* SBJsonParser.m in Sources */,
				0A4347AC132CB1C0007C2EBF /* SBJsonWriter.m in Sources */,
				6A3CD22913308F74001A7161 /* TextMateVimPlugin.m in Sources */,
				6A3CD22A13308F74001A7161 /* TextMateVimWindow.m in Sources */,
			);
			runOnlyForDeploymentPostprocessing = 0;
		};
/* End PBXSourcesBuildPhase section */

/* Begin PBXVariantGroup section */
		8D5B49A704867FD3000E48DA /* InfoPlist.strings */ = {
			isa = PBXVariantGroup;
			children = (
				089C167EFE841241C02AAC07 /* English */,
			);
			name = InfoPlist.strings;
			sourceTree = "<group>";
		};
/* End PBXVariantGroup section */

/* Begin XCBuildConfiguration section */
		1DEB911B08733D790010E9CD /* Debug */ = {
			isa = XCBuildConfiguration;
			buildSettings = {
				ALWAYS_SEARCH_USER_PATHS = NO;
				COPY_PHASE_STRIP = NO;
				FRAMEWORK_SEARCH_PATHS = (
					"$(inherited)",
					"\"$(SRCROOT)\"",
					"\"$(SRCROOT)/vendor\"",
				);
				GCC_DYNAMIC_NO_PIC = NO;
				GCC_ENABLE_FIX_AND_CONTINUE = YES;
				GCC_MODEL_TUNING = G5;
				GCC_OPTIMIZATION_LEVEL = 0;
				INFOPLIST_FILE = Info.plist;
				INSTALL_PATH = "$(HOME)/Library/Bundles";
				PRODUCT_NAME = TextMateVim;
				WRAPPER_EXTENSION = bundle;
			};
			name = Debug;
		};
		1DEB911C08733D790010E9CD /* Release */ = {
			isa = XCBuildConfiguration;
			buildSettings = {
				ALWAYS_SEARCH_USER_PATHS = NO;
				DEBUG_INFORMATION_FORMAT = "dwarf-with-dsym";
				FRAMEWORK_SEARCH_PATHS = (
					"$(inherited)",
					"\"$(SRCROOT)\"",
					"\"$(SRCROOT)/vendor\"",
				);
				GCC_MODEL_TUNING = G5;
				INFOPLIST_FILE = Info.plist;
				INSTALL_PATH = "$(HOME)/Library/Bundles";
				PRODUCT_NAME = TextMateVim;
				WRAPPER_EXTENSION = bundle;
			};
			name = Release;
		};
		1DEB911F08733D790010E9CD /* Debug */ = {
			isa = XCBuildConfiguration;
			buildSettings = {
				ARCHS = "$(ARCHS_STANDARD_32_64_BIT)";
				GCC_C_LANGUAGE_STANDARD = gnu99;
				GCC_ENABLE_OBJC_GC = supported;
				GCC_OPTIMIZATION_LEVEL = 0;
				GCC_WARN_ABOUT_RETURN_TYPE = YES;
				GCC_WARN_UNUSED_VARIABLE = YES;
				ONLY_ACTIVE_ARCH = YES;
				PREBINDING = NO;
				SDKROOT = macosx10.6;
			};
			name = Debug;
		};
		1DEB912008733D790010E9CD /* Release */ = {
			isa = XCBuildConfiguration;
			buildSettings = {
				ARCHS = "$(ARCHS_STANDARD_32_64_BIT)";
				GCC_C_LANGUAGE_STANDARD = gnu99;
				GCC_WARN_ABOUT_RETURN_TYPE = YES;
				GCC_WARN_UNUSED_VARIABLE = YES;
				PREBINDING = NO;
				SDKROOT = macosx10.6;
			};
			name = Release;
		};
/* End XCBuildConfiguration section */

/* Begin XCConfigurationList section */
		1DEB911A08733D790010E9CD /* Build configuration list for PBXNativeTarget "TextMateVim" */ = {
			isa = XCConfigurationList;
			buildConfigurations = (
				1DEB911B08733D790010E9CD /* Debug */,
				1DEB911C08733D790010E9CD /* Release */,
			);
			defaultConfigurationIsVisible = 0;
			defaultConfigurationName = Release;
		};
		1DEB911E08733D790010E9CD /* Build configuration list for PBXProject "TextMateVim" */ = {
			isa = XCConfigurationList;
			buildConfigurations = (
				1DEB911F08733D790010E9CD /* Debug */,
				1DEB912008733D790010E9CD /* Release */,
			);
			defaultConfigurationIsVisible = 0;
			defaultConfigurationName = Release;
		};
/* End XCConfigurationList section */
	};
	rootObject = 089C1669FE841209C02AAC07 /* Project object */;
}
